// !$*UTF8*$!
{
	archiveVersion = 1;
	classes = {
	};
	objectVersion = 55;
	objects = {

/* Begin PBXBuildFile section */
		42089156289F841F0036C790 /* SharedData.swift in Sources */ = {isa = PBXBuildFile; fileRef = 42089154289F841F0036C790 /* SharedData.swift */; };
		42089157289F841F0036C790 /* SharedData.swift in Sources */ = {isa = PBXBuildFile; fileRef = 42089154289F841F0036C790 /* SharedData.swift */; };
		42089158289F841F0036C790 /* Mood.swift in Sources */ = {isa = PBXBuildFile; fileRef = 42089155289F841F0036C790 /* Mood.swift */; };
		42089159289F841F0036C790 /* Mood.swift in Sources */ = {isa = PBXBuildFile; fileRef = 42089155289F841F0036C790 /* Mood.swift */; };
		4208915B289F97E90036C790 /* MessageComposingHelper.swift in Sources */ = {isa = PBXBuildFile; fileRef = 4208915A289F97E90036C790 /* MessageComposingHelper.swift */; };
		4208915D28A01BE40036C790 /* MessagePickerHost.swift in Sources */ = {isa = PBXBuildFile; fileRef = 4208915C28A01BE40036C790 /* MessagePickerHost.swift */; };
		42D77E6B2850EBC400B3985F /* Messages.framework in Frameworks */ = {isa = PBXBuildFile; fileRef = 42D77E6A2850EBC400B3985F /* Messages.framework */; };
		42D77E6E2850EBC400B3985F /* MessagesViewController.swift in Sources */ = {isa = PBXBuildFile; fileRef = 42D77E6D2850EBC400B3985F /* MessagesViewController.swift */; };
		42D77E712850EBC400B3985F /* MainInterface.storyboard in Resources */ = {isa = PBXBuildFile; fileRef = 42D77E6F2850EBC400B3985F /* MainInterface.storyboard */; };
		42D77E732850EBC500B3985F /* Assets.xcassets in Resources */ = {isa = PBXBuildFile; fileRef = 42D77E722850EBC500B3985F /* Assets.xcassets */; };
		42D77E772850EBC500B3985F /* imUrlDataAppSUI IM.appex in Embed App Extensions */ = {isa = PBXBuildFile; fileRef = 42D77E682850EBC400B3985F /* imUrlDataAppSUI IM.appex */; settings = {ATTRIBUTES = (RemoveHeadersOnCopy, ); }; };
		42D77E7D28521D1900B3985F /* UIViewController+EmbedSwiftUI.swift in Sources */ = {isa = PBXBuildFile; fileRef = 42D77E7C28521D1900B3985F /* UIViewController+EmbedSwiftUI.swift */; };
		42E231C02714963F0041B8CA /* imUrlDataAppSUIApp.swift in Sources */ = {isa = PBXBuildFile; fileRef = 42E231BF2714963F0041B8CA /* imUrlDataAppSUIApp.swift */; };
		42E231C22714963F0041B8CA /* ContentView.swift in Sources */ = {isa = PBXBuildFile; fileRef = 42E231C12714963F0041B8CA /* ContentView.swift */; };
		42E231C4271496410041B8CA /* Assets.xcassets in Resources */ = {isa = PBXBuildFile; fileRef = 42E231C3271496410041B8CA /* Assets.xcassets */; };
		42E231C7271496410041B8CA /* Preview Assets.xcassets in Resources */ = {isa = PBXBuildFile; fileRef = 42E231C6271496410041B8CA /* Preview Assets.xcassets */; };
/* End PBXBuildFile section */

/* Begin PBXContainerItemProxy section */
		42D77E752850EBC500B3985F /* PBXContainerItemProxy */ = {
			isa = PBXContainerItemProxy;
			containerPortal = 42E231B42714963F0041B8CA /* Project object */;
			proxyType = 1;
			remoteGlobalIDString = 42D77E672850EBC400B3985F;
			remoteInfo = "imUrlDataAppSUI IM";
		};
/* End PBXContainerItemProxy section */

/* Begin PBXCopyFilesBuildPhase section */
		42D77E782850EBC600B3985F /* Embed App Extensions */ = {
			isa = PBXCopyFilesBuildPhase;
			buildActionMask = 2147483647;
			dstPath = "";
			dstSubfolderSpec = 13;
			files = (
				42D77E772850EBC500B3985F /* imUrlDataAppSUI IM.appex in Embed App Extensions */,
			);
			name = "Embed App Extensions";
			runOnlyForDeploymentPostprocessing = 0;
		};
/* End PBXCopyFilesBuildPhase section */

/* Begin PBXFileReference section */
		42089154289F841F0036C790 /* SharedData.swift */ = {isa = PBXFileReference; fileEncoding = 4; lastKnownFileType = sourcecode.swift; name = SharedData.swift; path = Common/SharedData.swift; sourceTree = "<group>"; };
		42089155289F841F0036C790 /* Mood.swift */ = {isa = PBXFileReference; fileEncoding = 4; lastKnownFileType = sourcecode.swift; name = Mood.swift; path = Common/Mood.swift; sourceTree = "<group>"; };
		4208915A289F97E90036C790 /* MessageComposingHelper.swift */ = {isa = PBXFileReference; fileEncoding = 4; lastKnownFileType = sourcecode.swift; path = MessageComposingHelper.swift; sourceTree = "<group>"; };
		4208915C28A01BE40036C790 /* MessagePickerHost.swift */ = {isa = PBXFileReference; lastKnownFileType = sourcecode.swift; path = MessagePickerHost.swift; sourceTree = "<group>"; };
		42D77E682850EBC400B3985F /* imUrlDataAppSUI IM.appex */ = {isa = PBXFileReference; explicitFileType = "wrapper.app-extension"; includeInIndex = 0; path = "imUrlDataAppSUI IM.appex"; sourceTree = BUILT_PRODUCTS_DIR; };
		42D77E6A2850EBC400B3985F /* Messages.framework */ = {isa = PBXFileReference; lastKnownFileType = wrapper.framework; name = Messages.framework; path = System/Library/Frameworks/Messages.framework; sourceTree = SDKROOT; };
		42D77E6D2850EBC400B3985F /* MessagesViewController.swift */ = {isa = PBXFileReference; lastKnownFileType = sourcecode.swift; path = MessagesViewController.swift; sourceTree = "<group>"; };
		42D77E702850EBC400B3985F /* Base */ = {isa = PBXFileReference; lastKnownFileType = file.storyboard; name = Base; path = Base.lproj/MainInterface.storyboard; sourceTree = "<group>"; };
		42D77E722850EBC500B3985F /* Assets.xcassets */ = {isa = PBXFileReference; lastKnownFileType = folder.assetcatalog; path = Assets.xcassets; sourceTree = "<group>"; };
		42D77E742850EBC500B3985F /* Info.plist */ = {isa = PBXFileReference; lastKnownFileType = text.plist.xml; path = Info.plist; sourceTree = "<group>"; };
		42D77E7C28521D1900B3985F /* UIViewController+EmbedSwiftUI.swift */ = {isa = PBXFileReference; fileEncoding = 4; lastKnownFileType = sourcecode.swift; path = "UIViewController+EmbedSwiftUI.swift"; sourceTree = "<group>"; };
		42E231BC2714963F0041B8CA /* imUrlDataAppSUI.app */ = {isa = PBXFileReference; explicitFileType = wrapper.application; includeInIndex = 0; path = imUrlDataAppSUI.app; sourceTree = BUILT_PRODUCTS_DIR; };
		42E231BF2714963F0041B8CA /* imUrlDataAppSUIApp.swift */ = {isa = PBXFileReference; lastKnownFileType = sourcecode.swift; path = imUrlDataAppSUIApp.swift; sourceTree = "<group>"; };
		42E231C12714963F0041B8CA /* ContentView.swift */ = {isa = PBXFileReference; lastKnownFileType = sourcecode.swift; path = ContentView.swift; sourceTree = "<group>"; };
		42E231C3271496410041B8CA /* Assets.xcassets */ = {isa = PBXFileReference; lastKnownFileType = folder.assetcatalog; path = Assets.xcassets; sourceTree = "<group>"; };
		42E231C6271496410041B8CA /* Preview Assets.xcassets */ = {isa = PBXFileReference; lastKnownFileType = folder.assetcatalog; path = "Preview Assets.xcassets"; sourceTree = "<group>"; };
/* End PBXFileReference section */

/* Begin PBXFrameworksBuildPhase section */
		42D77E652850EBC400B3985F /* Frameworks */ = {
			isa = PBXFrameworksBuildPhase;
			buildActionMask = 2147483647;
			files = (
				42D77E6B2850EBC400B3985F /* Messages.framework in Frameworks */,
			);
			runOnlyForDeploymentPostprocessing = 0;
		};
		42E231B92714963F0041B8CA /* Frameworks */ = {
			isa = PBXFrameworksBuildPhase;
			buildActionMask = 2147483647;
			files = (
			);
			runOnlyForDeploymentPostprocessing = 0;
		};
/* End PBXFrameworksBuildPhase section */

/* Begin PBXGroup section */
		42768103289C5A8E008FDF6C /* Common */ = {
			isa = PBXGroup;
			children = (
				42089155289F841F0036C790 /* Mood.swift */,
				42089154289F841F0036C790 /* SharedData.swift */,
			);
			name = Common;
			sourceTree = "<group>";
		};
		42D77E692850EBC400B3985F /* Frameworks */ = {
			isa = PBXGroup;
			children = (
				42D77E6A2850EBC400B3985F /* Messages.framework */,
			);
			name = Frameworks;
			sourceTree = "<group>";
		};
		42D77E6C2850EBC400B3985F /* imUrlDataAppSUI IM */ = {
			isa = PBXGroup;
			children = (
				42D77E7C28521D1900B3985F /* UIViewController+EmbedSwiftUI.swift */,
				42D77E6D2850EBC400B3985F /* MessagesViewController.swift */,
				42D77E6F2850EBC400B3985F /* MainInterface.storyboard */,
				42D77E722850EBC500B3985F /* Assets.xcassets */,
				42D77E742850EBC500B3985F /* Info.plist */,
			);
			path = "imUrlDataAppSUI IM";
			sourceTree = "<group>";
		};
		42E231B32714963F0041B8CA = {
			isa = PBXGroup;
			children = (
				42768103289C5A8E008FDF6C /* Common */,
				42E231BE2714963F0041B8CA /* imUrlDataAppSUI */,
				42D77E6C2850EBC400B3985F /* imUrlDataAppSUI IM */,
				42D77E692850EBC400B3985F /* Frameworks */,
				42E231BD2714963F0041B8CA /* Products */,
			);
			sourceTree = "<group>";
		};
		42E231BD2714963F0041B8CA /* Products */ = {
			isa = PBXGroup;
			children = (
				42E231BC2714963F0041B8CA /* imUrlDataAppSUI.app */,
				42D77E682850EBC400B3985F /* imUrlDataAppSUI IM.appex */,
			);
			name = Products;
			sourceTree = "<group>";
		};
		42E231BE2714963F0041B8CA /* imUrlDataAppSUI */ = {
			isa = PBXGroup;
			children = (
				4208915A289F97E90036C790 /* MessageComposingHelper.swift */,
				42E231BF2714963F0041B8CA /* imUrlDataAppSUIApp.swift */,
				42E231C12714963F0041B8CA /* ContentView.swift */,
				42E231C3271496410041B8CA /* Assets.xcassets */,
				42E231C5271496410041B8CA /* Preview Content */,
				4208915C28A01BE40036C790 /* MessagePickerHost.swift */,
			);
			path = imUrlDataAppSUI;
			sourceTree = "<group>";
		};
		42E231C5271496410041B8CA /* Preview Content */ = {
			isa = PBXGroup;
			children = (
				42E231C6271496410041B8CA /* Preview Assets.xcassets */,
			);
			path = "Preview Content";
			sourceTree = "<group>";
		};
/* End PBXGroup section */

/* Begin PBXNativeTarget section */
		42D77E672850EBC400B3985F /* imUrlDataAppSUI IM */ = {
			isa = PBXNativeTarget;
			buildConfigurationList = 42D77E7B2850EBC600B3985F /* Build configuration list for PBXNativeTarget "imUrlDataAppSUI IM" */;
			buildPhases = (
				42D77E642850EBC400B3985F /* Sources */,
				42D77E652850EBC400B3985F /* Frameworks */,
				42D77E662850EBC400B3985F /* Resources */,
			);
			buildRules = (
			);
			dependencies = (
			);
			name = "imUrlDataAppSUI IM";
			productName = "imUrlDataAppSUI IM";
			productReference = 42D77E682850EBC400B3985F /* imUrlDataAppSUI IM.appex */;
			productType = "com.apple.product-type.app-extension.messages";
		};
		42E231BB2714963F0041B8CA /* imUrlDataAppSUI */ = {
			isa = PBXNativeTarget;
			buildConfigurationList = 42E231CA271496410041B8CA /* Build configuration list for PBXNativeTarget "imUrlDataAppSUI" */;
			buildPhases = (
				42E231B82714963F0041B8CA /* Sources */,
				42E231B92714963F0041B8CA /* Frameworks */,
				42E231BA2714963F0041B8CA /* Resources */,
				42D77E782850EBC600B3985F /* Embed App Extensions */,
			);
			buildRules = (
			);
			dependencies = (
				42D77E762850EBC500B3985F /* PBXTargetDependency */,
			);
			name = imUrlDataAppSUI;
			productName = imUrlDataAppSUI;
			productReference = 42E231BC2714963F0041B8CA /* imUrlDataAppSUI.app */;
			productType = "com.apple.product-type.application";
		};
/* End PBXNativeTarget section */

/* Begin PBXProject section */
		42E231B42714963F0041B8CA /* Project object */ = {
			isa = PBXProject;
			attributes = {
				BuildIndependentTargetsInParallel = 1;
				LastSwiftUpdateCheck = 1340;
				LastUpgradeCheck = 1300;
				TargetAttributes = {
					42D77E672850EBC400B3985F = {
						CreatedOnToolsVersion = 13.4;
					};
					42E231BB2714963F0041B8CA = {
						CreatedOnToolsVersion = 13.0;
					};
				};
			};
			buildConfigurationList = 42E231B72714963F0041B8CA /* Build configuration list for PBXProject "imUrlDataAppSUI" */;
			compatibilityVersion = "Xcode 13.0";
			developmentRegion = en;
			hasScannedForEncodings = 0;
			knownRegions = (
				en,
				Base,
			);
			mainGroup = 42E231B32714963F0041B8CA;
			productRefGroup = 42E231BD2714963F0041B8CA /* Products */;
			projectDirPath = "";
			projectRoot = "";
			targets = (
				42E231BB2714963F0041B8CA /* imUrlDataAppSUI */,
				42D77E672850EBC400B3985F /* imUrlDataAppSUI IM */,
			);
		};
/* End PBXProject section */

/* Begin PBXResourcesBuildPhase section */
		42D77E662850EBC400B3985F /* Resources */ = {
			isa = PBXResourcesBuildPhase;
			buildActionMask = 2147483647;
			files = (
				42D77E732850EBC500B3985F /* Assets.xcassets in Resources */,
				42D77E712850EBC400B3985F /* MainInterface.storyboard in Resources */,
			);
			runOnlyForDeploymentPostprocessing = 0;
		};
		42E231BA2714963F0041B8CA /* Resources */ = {
			isa = PBXResourcesBuildPhase;
			buildActionMask = 2147483647;
			files = (
				42E231C7271496410041B8CA /* Preview Assets.xcassets in Resources */,
				42E231C4271496410041B8CA /* Assets.xcassets in Resources */,
			);
			runOnlyForDeploymentPostprocessing = 0;
		};
/* End PBXResourcesBuildPhase section */

/* Begin PBXSourcesBuildPhase section */
		42D77E642850EBC400B3985F /* Sources */ = {
			isa = PBXSourcesBuildPhase;
			buildActionMask = 2147483647;
			files = (
				42089159289F841F0036C790 /* Mood.swift in Sources */,
				42089157289F841F0036C790 /* SharedData.swift in Sources */,
				42D77E6E2850EBC400B3985F /* MessagesViewController.swift in Sources */,
				42D77E7D28521D1900B3985F /* UIViewController+EmbedSwiftUI.swift in Sources */,
			);
			runOnlyForDeploymentPostprocessing = 0;
		};
		42E231B82714963F0041B8CA /* Sources */ = {
			isa = PBXSourcesBuildPhase;
			buildActionMask = 2147483647;
			files = (
				4208915B289F97E90036C790 /* MessageComposingHelper.swift in Sources */,
				4208915D28A01BE40036C790 /* MessagePickerHost.swift in Sources */,
				42089158289F841F0036C790 /* Mood.swift in Sources */,
				42089156289F841F0036C790 /* SharedData.swift in Sources */,
				42E231C22714963F0041B8CA /* ContentView.swift in Sources */,
				42E231C02714963F0041B8CA /* imUrlDataAppSUIApp.swift in Sources */,
			);
			runOnlyForDeploymentPostprocessing = 0;
		};
/* End PBXSourcesBuildPhase section */

/* Begin PBXTargetDependency section */
		42D77E762850EBC500B3985F /* PBXTargetDependency */ = {
			isa = PBXTargetDependency;
			target = 42D77E672850EBC400B3985F /* imUrlDataAppSUI IM */;
			targetProxy = 42D77E752850EBC500B3985F /* PBXContainerItemProxy */;
		};
/* End PBXTargetDependency section */

/* Begin PBXVariantGroup section */
		42D77E6F2850EBC400B3985F /* MainInterface.storyboard */ = {
			isa = PBXVariantGroup;
			children = (
				42D77E702850EBC400B3985F /* Base */,
			);
			name = MainInterface.storyboard;
			sourceTree = "<group>";
		};
/* End PBXVariantGroup section */

/* Begin XCBuildConfiguration section */
		42D77E792850EBC600B3985F /* Debug */ = {
			isa = XCBuildConfiguration;
			buildSettings = {
				ASSETCATALOG_COMPILER_APPICON_NAME = "iMessage App Icon";
				CODE_SIGN_STYLE = Automatic;
				CURRENT_PROJECT_VERSION = 1;
				DEVELOPMENT_TEAM = 7MXY472HBV;
				GENERATE_INFOPLIST_FILE = YES;
				INFOPLIST_FILE = "imUrlDataAppSUI IM/Info.plist";
				INFOPLIST_KEY_CFBundleDisplayName = "imUrlDataAppSUI IM";
				INFOPLIST_KEY_NSHumanReadableCopyright = "";
				IPHONEOS_DEPLOYMENT_TARGET = 15.0;
				LD_RUNPATH_SEARCH_PATHS = (
					"$(inherited)",
					"@executable_path/Frameworks",
					"@executable_path/../../Frameworks",
				);
				MARKETING_VERSION = 1.0;
				PRODUCT_BUNDLE_IDENTIFIER = "test.aussie.imUrlDataAppSUI.imUrlDataAppSUI-IM";
				PRODUCT_NAME = "$(TARGET_NAME)";
				SKIP_INSTALL = YES;
				SWIFT_EMIT_LOC_STRINGS = YES;
				SWIFT_VERSION = 5.0;
				TARGETED_DEVICE_FAMILY = "1,2";
			};
			name = Debug;
		};
		42D77E7A2850EBC600B3985F /* Release */ = {
			isa = XCBuildConfiguration;
			buildSettings = {
				ASSETCATALOG_COMPILER_APPICON_NAME = "iMessage App Icon";
				CODE_SIGN_STYLE = Automatic;
				CURRENT_PROJECT_VERSION = 1;
				DEVELOPMENT_TEAM = 7MXY472HBV;
				GENERATE_INFOPLIST_FILE = YES;
				INFOPLIST_FILE = "imUrlDataAppSUI IM/Info.plist";
				INFOPLIST_KEY_CFBundleDisplayName = "imUrlDataAppSUI IM";
				INFOPLIST_KEY_NSHumanReadableCopyright = "";
				IPHONEOS_DEPLOYMENT_TARGET = 15.0;
				LD_RUNPATH_SEARCH_PATHS = (
					"$(inherited)",
					"@executable_path/Frameworks",
					"@executable_path/../../Frameworks",
				);
				MARKETING_VERSION = 1.0;
				PRODUCT_BUNDLE_IDENTIFIER = "test.aussie.imUrlDataAppSUI.imUrlDataAppSUI-IM";
				PRODUCT_NAME = "$(TARGET_NAME)";
				SKIP_INSTALL = YES;
				SWIFT_EMIT_LOC_STRINGS = YES;
				SWIFT_VERSION = 5.0;
				TARGETED_DEVICE_FAMILY = "1,2";
			};
			name = Release;
		};
		42E231C8271496410041B8CA /* Debug */ = {
			isa = XCBuildConfiguration;
			buildSettings = {
				ALWAYS_SEARCH_USER_PATHS = NO;
				CLANG_ANALYZER_NONNULL = YES;
				CLANG_ANALYZER_NUMBER_OBJECT_CONVERSION = YES_AGGRESSIVE;
				CLANG_CXX_LANGUAGE_STANDARD = "gnu++17";
				CLANG_CXX_LIBRARY = "libc++";
				CLANG_ENABLE_MODULES = YES;
				CLANG_ENABLE_OBJC_ARC = YES;
				CLANG_ENABLE_OBJC_WEAK = YES;
				CLANG_WARN_BLOCK_CAPTURE_AUTORELEASING = YES;
				CLANG_WARN_BOOL_CONVERSION = YES;
				CLANG_WARN_COMMA = YES;
				CLANG_WARN_CONSTANT_CONVERSION = YES;
				CLANG_WARN_DEPRECATED_OBJC_IMPLEMENTATIONS = YES;
				CLANG_WARN_DIRECT_OBJC_ISA_USAGE = YES_ERROR;
				CLANG_WARN_DOCUMENTATION_COMMENTS = YES;
				CLANG_WARN_EMPTY_BODY = YES;
				CLANG_WARN_ENUM_CONVERSION = YES;
				CLANG_WARN_INFINITE_RECURSION = YES;
				CLANG_WARN_INT_CONVERSION = YES;
				CLANG_WARN_NON_LITERAL_NULL_CONVERSION = YES;
				CLANG_WARN_OBJC_IMPLICIT_RETAIN_SELF = YES;
				CLANG_WARN_OBJC_LITERAL_CONVERSION = YES;
				CLANG_WARN_OBJC_ROOT_CLASS = YES_ERROR;
				CLANG_WARN_QUOTED_INCLUDE_IN_FRAMEWORK_HEADER = YES;
				CLANG_WARN_RANGE_LOOP_ANALYSIS = YES;
				CLANG_WARN_STRICT_PROTOTYPES = YES;
				CLANG_WARN_SUSPICIOUS_MOVE = YES;
				CLANG_WARN_UNGUARDED_AVAILABILITY = YES_AGGRESSIVE;
				CLANG_WARN_UNREACHABLE_CODE = YES;
				CLANG_WARN__DUPLICATE_METHOD_MATCH = YES;
				COPY_PHASE_STRIP = NO;
				DEBUG_INFORMATION_FORMAT = dwarf;
				ENABLE_STRICT_OBJC_MSGSEND = YES;
				ENABLE_TESTABILITY = YES;
				GCC_C_LANGUAGE_STANDARD = gnu11;
				GCC_DYNAMIC_NO_PIC = NO;
				GCC_NO_COMMON_BLOCKS = YES;
				GCC_OPTIMIZATION_LEVEL = 0;
				GCC_PREPROCESSOR_DEFINITIONS = (
					"DEBUG=1",
					"$(inherited)",
				);
				GCC_WARN_64_TO_32_BIT_CONVERSION = YES;
				GCC_WARN_ABOUT_RETURN_TYPE = YES_ERROR;
				GCC_WARN_UNDECLARED_SELECTOR = YES;
				GCC_WARN_UNINITIALIZED_AUTOS = YES_AGGRESSIVE;
				GCC_WARN_UNUSED_FUNCTION = YES;
				GCC_WARN_UNUSED_VARIABLE = YES;
				IPHONEOS_DEPLOYMENT_TARGET = 15.0;
				MTL_ENABLE_DEBUG_INFO = INCLUDE_SOURCE;
				MTL_FAST_MATH = YES;
				ONLY_ACTIVE_ARCH = YES;
				SDKROOT = iphoneos;
				SWIFT_ACTIVE_COMPILATION_CONDITIONS = DEBUG;
				SWIFT_OPTIMIZATION_LEVEL = "-Onone";
			};
			name = Debug;
		};
		42E231C9271496410041B8CA /* Release */ = {
			isa = XCBuildConfiguration;
			buildSettings = {
				ALWAYS_SEARCH_USER_PATHS = NO;
				CLANG_ANALYZER_NONNULL = YES;
				CLANG_ANALYZER_NUMBER_OBJECT_CONVERSION = YES_AGGRESSIVE;
				CLANG_CXX_LANGUAGE_STANDARD = "gnu++17";
				CLANG_CXX_LIBRARY = "libc++";
				CLANG_ENABLE_MODULES = YES;
				CLANG_ENABLE_OBJC_ARC = YES;
				CLANG_ENABLE_OBJC_WEAK = YES;
				CLANG_WARN_BLOCK_CAPTURE_AUTORELEASING = YES;
				CLANG_WARN_BOOL_CONVERSION = YES;
				CLANG_WARN_COMMA = YES;
				CLANG_WARN_CONSTANT_CONVERSION = YES;
				CLANG_WARN_DEPRECATED_OBJC_IMPLEMENTATIONS = YES;
				CLANG_WARN_DIRECT_OBJC_ISA_USAGE = YES_ERROR;
				CLANG_WARN_DOCUMENTATION_COMMENTS = YES;
				CLANG_WARN_EMPTY_BODY = YES;
				CLANG_WARN_ENUM_CONVERSION = YES;
				CLANG_WARN_INFINITE_RECURSION = YES;
				CLANG_WARN_INT_CONVERSION = YES;
				CLANG_WARN_NON_LITERAL_NULL_CONVERSION = YES;
				CLANG_WARN_OBJC_IMPLICIT_RETAIN_SELF = YES;
				CLANG_WARN_OBJC_LITERAL_CONVERSION = YES;
				CLANG_WARN_OBJC_ROOT_CLASS = YES_ERROR;
				CLANG_WARN_QUOTED_INCLUDE_IN_FRAMEWORK_HEADER = YES;
				CLANG_WARN_RANGE_LOOP_ANALYSIS = YES;
				CLANG_WARN_STRICT_PROTOTYPES = YES;
				CLANG_WARN_SUSPICIOUS_MOVE = YES;
				CLANG_WARN_UNGUARDED_AVAILABILITY = YES_AGGRESSIVE;
				CLANG_WARN_UNREACHABLE_CODE = YES;
				CLANG_WARN__DUPLICATE_METHOD_MATCH = YES;
				COPY_PHASE_STRIP = NO;
				DEBUG_INFORMATION_FORMAT = "dwarf-with-dsym";
				ENABLE_NS_ASSERTIONS = NO;
				ENABLE_STRICT_OBJC_MSGSEND = YES;
				GCC_C_LANGUAGE_STANDARD = gnu11;
				GCC_NO_COMMON_BLOCKS = YES;
				GCC_WARN_64_TO_32_BIT_CONVERSION = YES;
				GCC_WARN_ABOUT_RETURN_TYPE = YES_ERROR;
				GCC_WARN_UNDECLARED_SELECTOR = YES;
				GCC_WARN_UNINITIALIZED_AUTOS = YES_AGGRESSIVE;
				GCC_WARN_UNUSED_FUNCTION = YES;
				GCC_WARN_UNUSED_VARIABLE = YES;
				IPHONEOS_DEPLOYMENT_TARGET = 15.0;
				MTL_ENABLE_DEBUG_INFO = NO;
				MTL_FAST_MATH = YES;
				SDKROOT = iphoneos;
				SWIFT_COMPILATION_MODE = wholemodule;
				SWIFT_OPTIMIZATION_LEVEL = "-O";
				VALIDATE_PRODUCT = YES;
			};
			name = Release;
		};
		42E231CB271496410041B8CA /* Debug */ = {
			isa = XCBuildConfiguration;
			buildSettings = {
				ALWAYS_EMBED_SWIFT_STANDARD_LIBRARIES = YES;
				ASSETCATALOG_COMPILER_APPICON_NAME = AppIcon;
				ASSETCATALOG_COMPILER_GLOBAL_ACCENT_COLOR_NAME = AccentColor;
				CODE_SIGN_STYLE = Automatic;
				CURRENT_PROJECT_VERSION = 1;
				DEVELOPMENT_ASSET_PATHS = "\"imUrlDataAppSUI/Preview Content\"";
				DEVELOPMENT_TEAM = 7MXY472HBV;
				ENABLE_PREVIEWS = YES;
				GENERATE_INFOPLIST_FILE = YES;
				INFOPLIST_KEY_UIApplicationSceneManifest_Generation = YES;
				INFOPLIST_KEY_UIApplicationSupportsIndirectInputEvents = YES;
				INFOPLIST_KEY_UILaunchScreen_Generation = YES;
				INFOPLIST_KEY_UISupportedInterfaceOrientations_iPad = "UIInterfaceOrientationPortrait UIInterfaceOrientationPortraitUpsideDown UIInterfaceOrientationLandscapeLeft UIInterfaceOrientationLandscapeRight";
				INFOPLIST_KEY_UISupportedInterfaceOrientations_iPhone = "UIInterfaceOrientationPortrait UIInterfaceOrientationLandscapeLeft UIInterfaceOrientationLandscapeRight";
				IPHONEOS_DEPLOYMENT_TARGET = 15.0;
				LD_RUNPATH_SEARCH_PATHS = (
					"$(inherited)",
					"@executable_path/Frameworks",
				);
				MARKETING_VERSION = 1.0;
				PRODUCT_BUNDLE_IDENTIFIER = test.aussie.imUrlDataAppSUI;
				PRODUCT_NAME = "$(TARGET_NAME)";
				SWIFT_EMIT_LOC_STRINGS = YES;
				SWIFT_VERSION = 5.0;
				TARGETED_DEVICE_FAMILY = "1,2";
			};
			name = Debug;
		};
		42E231CC271496410041B8CA /* Release */ = {
			isa = XCBuildConfiguration;
			buildSettings = {
				ALWAYS_EMBED_SWIFT_STANDARD_LIBRARIES = YES;
				ASSETCATALOG_COMPILER_APPICON_NAME = AppIcon;
				ASSETCATALOG_COMPILER_GLOBAL_ACCENT_COLOR_NAME = AccentColor;
				CODE_SIGN_STYLE = Automatic;
				CURRENT_PROJECT_VERSION = 1;
				DEVELOPMENT_ASSET_PATHS = "\"imUrlDataAppSUI/Preview Content\"";
				DEVELOPMENT_TEAM = 7MXY472HBV;
				ENABLE_PREVIEWS = YES;
				GENERATE_INFOPLIST_FILE = YES;
				INFOPLIST_KEY_UIApplicationSceneManifest_Generation = YES;
				INFOPLIST_KEY_UIApplicationSupportsIndirectInputEvents = YES;
				INFOPLIST_KEY_UILaunchScreen_Generation = YES;
				INFOPLIST_KEY_UISupportedInterfaceOrientations_iPad = "UIInterfaceOrientationPortrait UIInterfaceOrientationPortraitUpsideDown UIInterfaceOrientationLandscapeLeft UIInterfaceOrientationLandscapeRight";
				INFOPLIST_KEY_UISupportedInterfaceOrientations_iPhone = "UIInterfaceOrientationPortrait UIInterfaceOrientationLandscapeLeft UIInterfaceOrientationLandscapeRight";
				IPHONEOS_DEPLOYMENT_TARGET = 15.0;
				LD_RUNPATH_SEARCH_PATHS = (
					"$(inherited)",
					"@executable_path/Frameworks",
				);
				MARKETING_VERSION = 1.0;
				PRODUCT_BUNDLE_IDENTIFIER = test.aussie.imUrlDataAppSUI;
				PRODUCT_NAME = "$(TARGET_NAME)";
				SWIFT_EMIT_LOC_STRINGS = YES;
				SWIFT_VERSION = 5.0;
				TARGETED_DEVICE_FAMILY = "1,2";
			};
			name = Release;
		};
/* End XCBuildConfiguration section */

/* Begin XCConfigurationList section */
		42D77E7B2850EBC600B3985F /* Build configuration list for PBXNativeTarget "imUrlDataAppSUI IM" */ = {
			isa = XCConfigurationList;
			buildConfigurations = (
				42D77E792850EBC600B3985F /* Debug */,
				42D77E7A2850EBC600B3985F /* Release */,
			);
			defaultConfigurationIsVisible = 0;
			defaultConfigurationName = Release;
		};
		42E231B72714963F0041B8CA /* Build configuration list for PBXProject "imUrlDataAppSUI" */ = {
			isa = XCConfigurationList;
			buildConfigurations = (
				42E231C8271496410041B8CA /* Debug */,
				42E231C9271496410041B8CA /* Release */,
			);
			defaultConfigurationIsVisible = 0;
			defaultConfigurationName = Release;
		};
		42E231CA271496410041B8CA /* Build configuration list for PBXNativeTarget "imUrlDataAppSUI" */ = {
			isa = XCConfigurationList;
			buildConfigurations = (
				42E231CB271496410041B8CA /* Debug */,
				42E231CC271496410041B8CA /* Release */,
			);
			defaultConfigurationIsVisible = 0;
			defaultConfigurationName = Release;
		};
/* End XCConfigurationList section */
	};
	rootObject = 42E231B42714963F0041B8CA /* Project object */;
}
