// !$*UTF8*$!
{
	archiveVersion = 1;
	classes = {
	};
	objectVersion = 50;
	objects = {

/* Begin PBXBuildFile section */
		42192610249B31AF00991E3E /* AppDelegate.swift in Sources */ = {isa = PBXBuildFile; fileRef = 4219260F249B31AF00991E3E /* AppDelegate.swift */; };
		42192614249B31AF00991E3E /* ViewController.swift in Sources */ = {isa = PBXBuildFile; fileRef = 42192613249B31AF00991E3E /* ViewController.swift */; };
		42192617249B31AF00991E3E /* Main.storyboard in Resources */ = {isa = PBXBuildFile; fileRef = 42192615249B31AF00991E3E /* Main.storyboard */; };
		42192619249B31B300991E3E /* Assets.xcassets in Resources */ = {isa = PBXBuildFile; fileRef = 42192618249B31B300991E3E /* Assets.xcassets */; };
		4219261C249B31B300991E3E /* LaunchScreen.storyboard in Resources */ = {isa = PBXBuildFile; fileRef = 4219261A249B31B300991E3E /* LaunchScreen.storyboard */; };
		42192621249B440100991E3E /* webFromIM MessagesExtension.appex in Embed App Extensions */ = {isa = PBXBuildFile; fileRef = 4295D27621E957F800EF0E0A /* webFromIM MessagesExtension.appex */; settings = {ATTRIBUTES = (RemoveHeadersOnCopy, ); }; };
		42192626249B5A0400991E3E /* WebKit.framework in Frameworks */ = {isa = PBXBuildFile; fileRef = 42192625249B5A0400991E3E /* WebKit.framework */; };
		4295D27C21E957F800EF0E0A /* Messages.framework in Frameworks */ = {isa = PBXBuildFile; fileRef = 4295D27B21E957F800EF0E0A /* Messages.framework */; };
		4295D27F21E957F800EF0E0A /* MessagesViewController.swift in Sources */ = {isa = PBXBuildFile; fileRef = 4295D27E21E957F800EF0E0A /* MessagesViewController.swift */; };
		4295D28221E957F800EF0E0A /* MainInterface.storyboard in Resources */ = {isa = PBXBuildFile; fileRef = 4295D28021E957F800EF0E0A /* MainInterface.storyboard */; };
		4295D28421E957F800EF0E0A /* Assets.xcassets in Resources */ = {isa = PBXBuildFile; fileRef = 4295D28321E957F800EF0E0A /* Assets.xcassets */; };
/* End PBXBuildFile section */

/* Begin PBXContainerItemProxy section */
		42192622249B440100991E3E /* PBXContainerItemProxy */ = {
			isa = PBXContainerItemProxy;
			containerPortal = 4295D26621E957F500EF0E0A /* Project object */;
			proxyType = 1;
			remoteGlobalIDString = 4295D27521E957F800EF0E0A;
			remoteInfo = "webFromIM MessagesExtension";
		};
/* End PBXContainerItemProxy section */

/* Begin PBXCopyFilesBuildPhase section */
		42192624249B440200991E3E /* Embed App Extensions */ = {
			isa = PBXCopyFilesBuildPhase;
			buildActionMask = 2147483647;
			dstPath = "";
			dstSubfolderSpec = 13;
			files = (
				42192621249B440100991E3E /* webFromIM MessagesExtension.appex in Embed App Extensions */,
			);
			name = "Embed App Extensions";
			runOnlyForDeploymentPostprocessing = 0;
		};
/* End PBXCopyFilesBuildPhase section */

/* Begin PBXFileReference section */
		4219260D249B31AF00991E3E /* webFromIM.app */ = {isa = PBXFileReference; explicitFileType = wrapper.application; includeInIndex = 0; path = webFromIM.app; sourceTree = BUILT_PRODUCTS_DIR; };
		4219260F249B31AF00991E3E /* AppDelegate.swift */ = {isa = PBXFileReference; lastKnownFileType = sourcecode.swift; path = AppDelegate.swift; sourceTree = "<group>"; };
		42192613249B31AF00991E3E /* ViewController.swift */ = {isa = PBXFileReference; lastKnownFileType = sourcecode.swift; path = ViewController.swift; sourceTree = "<group>"; };
		42192616249B31AF00991E3E /* Base */ = {isa = PBXFileReference; lastKnownFileType = file.storyboard; name = Base; path = Base.lproj/Main.storyboard; sourceTree = "<group>"; };
		42192618249B31B300991E3E /* Assets.xcassets */ = {isa = PBXFileReference; lastKnownFileType = folder.assetcatalog; path = Assets.xcassets; sourceTree = "<group>"; };
		4219261B249B31B300991E3E /* Base */ = {isa = PBXFileReference; lastKnownFileType = file.storyboard; name = Base; path = Base.lproj/LaunchScreen.storyboard; sourceTree = "<group>"; };
		4219261D249B31B300991E3E /* Info.plist */ = {isa = PBXFileReference; lastKnownFileType = text.plist.xml; path = Info.plist; sourceTree = "<group>"; };
		42192625249B5A0400991E3E /* WebKit.framework */ = {isa = PBXFileReference; lastKnownFileType = wrapper.framework; name = WebKit.framework; path = System/Library/Frameworks/WebKit.framework; sourceTree = SDKROOT; };
		4295D27621E957F800EF0E0A /* webFromIM MessagesExtension.appex */ = {isa = PBXFileReference; explicitFileType = "wrapper.app-extension"; includeInIndex = 0; path = "webFromIM MessagesExtension.appex"; sourceTree = BUILT_PRODUCTS_DIR; };
		4295D27B21E957F800EF0E0A /* Messages.framework */ = {isa = PBXFileReference; lastKnownFileType = wrapper.framework; name = Messages.framework; path = System/Library/Frameworks/Messages.framework; sourceTree = SDKROOT; };
		4295D27E21E957F800EF0E0A /* MessagesViewController.swift */ = {isa = PBXFileReference; lastKnownFileType = sourcecode.swift; path = MessagesViewController.swift; sourceTree = "<group>"; };
		4295D28121E957F800EF0E0A /* Base */ = {isa = PBXFileReference; lastKnownFileType = file.storyboard; name = Base; path = Base.lproj/MainInterface.storyboard; sourceTree = "<group>"; };
		4295D28321E957F800EF0E0A /* Assets.xcassets */ = {isa = PBXFileReference; lastKnownFileType = folder.assetcatalog; path = Assets.xcassets; sourceTree = "<group>"; };
		4295D28521E957F800EF0E0A /* Info.plist */ = {isa = PBXFileReference; lastKnownFileType = text.plist.xml; path = Info.plist; sourceTree = "<group>"; };
/* End PBXFileReference section */

/* Begin PBXFrameworksBuildPhase section */
		4219260A249B31AF00991E3E /* Frameworks */ = {
			isa = PBXFrameworksBuildPhase;
			buildActionMask = 2147483647;
			files = (
				42192626249B5A0400991E3E /* WebKit.framework in Frameworks */,
			);
			runOnlyForDeploymentPostprocessing = 0;
		};
		4295D27321E957F800EF0E0A /* Frameworks */ = {
			isa = PBXFrameworksBuildPhase;
			buildActionMask = 2147483647;
			files = (
				4295D27C21E957F800EF0E0A /* Messages.framework in Frameworks */,
			);
			runOnlyForDeploymentPostprocessing = 0;
		};
/* End PBXFrameworksBuildPhase section */

/* Begin PBXGroup section */
		4219260E249B31AF00991E3E /* webFromIMapp */ = {
			isa = PBXGroup;
			children = (
				4219260F249B31AF00991E3E /* AppDelegate.swift */,
				42192613249B31AF00991E3E /* ViewController.swift */,
				42192615249B31AF00991E3E /* Main.storyboard */,
				42192618249B31B300991E3E /* Assets.xcassets */,
				4219261A249B31B300991E3E /* LaunchScreen.storyboard */,
				4219261D249B31B300991E3E /* Info.plist */,
			);
			path = webFromIMapp;
			sourceTree = "<group>";
		};
		4295D26521E957F500EF0E0A = {
			isa = PBXGroup;
			children = (
				4219260E249B31AF00991E3E /* webFromIMapp */,
				4295D27D21E957F800EF0E0A /* webFromIM MessagesExtension */,
				4295D27A21E957F800EF0E0A /* Frameworks */,
				4295D26D21E957F500EF0E0A /* Products */,
			);
			sourceTree = "<group>";
		};
		4295D26D21E957F500EF0E0A /* Products */ = {
			isa = PBXGroup;
			children = (
				4295D27621E957F800EF0E0A /* webFromIM MessagesExtension.appex */,
				4219260D249B31AF00991E3E /* webFromIM.app */,
			);
			name = Products;
			sourceTree = "<group>";
		};
		4295D27A21E957F800EF0E0A /* Frameworks */ = {
			isa = PBXGroup;
			children = (
				42192625249B5A0400991E3E /* WebKit.framework */,
				4295D27B21E957F800EF0E0A /* Messages.framework */,
			);
			name = Frameworks;
			sourceTree = "<group>";
		};
		4295D27D21E957F800EF0E0A /* webFromIM MessagesExtension */ = {
			isa = PBXGroup;
			children = (
				4295D27E21E957F800EF0E0A /* MessagesViewController.swift */,
				4295D28021E957F800EF0E0A /* MainInterface.storyboard */,
				4295D28321E957F800EF0E0A /* Assets.xcassets */,
				4295D28521E957F800EF0E0A /* Info.plist */,
			);
			path = "webFromIM MessagesExtension";
			sourceTree = "<group>";
		};
/* End PBXGroup section */

/* Begin PBXNativeTarget section */
		4219260C249B31AF00991E3E /* webFromIM */ = {
			isa = PBXNativeTarget;
			buildConfigurationList = 42192620249B31B300991E3E /* Build configuration list for PBXNativeTarget "webFromIM" */;
			buildPhases = (
				42192609249B31AF00991E3E /* Sources */,
				4219260A249B31AF00991E3E /* Frameworks */,
				4219260B249B31AF00991E3E /* Resources */,
				42192624249B440200991E3E /* Embed App Extensions */,
			);
			buildRules = (
			);
			dependencies = (
				42192623249B440100991E3E /* PBXTargetDependency */,
			);
			name = webFromIM;
			productName = webFromIMapp;
			productReference = 4219260D249B31AF00991E3E /* webFromIM.app */;
			productType = "com.apple.product-type.application";
		};
		4295D27521E957F800EF0E0A /* webFromIM MessagesExtension */ = {
			isa = PBXNativeTarget;
			buildConfigurationList = 4295D28821E957F800EF0E0A /* Build configuration list for PBXNativeTarget "webFromIM MessagesExtension" */;
			buildPhases = (
				4295D27221E957F800EF0E0A /* Sources */,
				4295D27321E957F800EF0E0A /* Frameworks */,
				4295D27421E957F800EF0E0A /* Resources */,
			);
			buildRules = (
			);
			dependencies = (
			);
			name = "webFromIM MessagesExtension";
			productName = "webFromIM MessagesExtension";
			productReference = 4295D27621E957F800EF0E0A /* webFromIM MessagesExtension.appex */;
			productType = "com.apple.product-type.app-extension.messages";
		};
/* End PBXNativeTarget section */

/* Begin PBXProject section */
		4295D26621E957F500EF0E0A /* Project object */ = {
			isa = PBXProject;
			attributes = {
				LastSwiftUpdateCheck = 1150;
				LastUpgradeCheck = 1010;
				ORGANIZATIONNAME = "Touchgram Pty Ltd";
				TargetAttributes = {
					4219260C249B31AF00991E3E = {
						CreatedOnToolsVersion = 11.5;
					};
					4295D27521E957F800EF0E0A = {
						CreatedOnToolsVersion = 10.1;
					};
				};
			};
			buildConfigurationList = 4295D26921E957F500EF0E0A /* Build configuration list for PBXProject "webFromIM" */;
			compatibilityVersion = "Xcode 9.3";
			developmentRegion = en;
			hasScannedForEncodings = 0;
			knownRegions = (
				en,
				Base,
			);
			mainGroup = 4295D26521E957F500EF0E0A;
			productRefGroup = 4295D26D21E957F500EF0E0A /* Products */;
			projectDirPath = "";
			projectRoot = "";
			targets = (
				4295D27521E957F800EF0E0A /* webFromIM MessagesExtension */,
				4219260C249B31AF00991E3E /* webFromIM */,
			);
		};
/* End PBXProject section */

/* Begin PBXResourcesBuildPhase section */
		4219260B249B31AF00991E3E /* Resources */ = {
			isa = PBXResourcesBuildPhase;
			buildActionMask = 2147483647;
			files = (
				4219261C249B31B300991E3E /* LaunchScreen.storyboard in Resources */,
				42192619249B31B300991E3E /* Assets.xcassets in Resources */,
				42192617249B31AF00991E3E /* Main.storyboard in Resources */,
			);
			runOnlyForDeploymentPostprocessing = 0;
		};
		4295D27421E957F800EF0E0A /* Resources */ = {
			isa = PBXResourcesBuildPhase;
			buildActionMask = 2147483647;
			files = (
				4295D28421E957F800EF0E0A /* Assets.xcassets in Resources */,
				4295D28221E957F800EF0E0A /* MainInterface.storyboard in Resources */,
			);
			runOnlyForDeploymentPostprocessing = 0;
		};
/* End PBXResourcesBuildPhase section */

/* Begin PBXSourcesBuildPhase section */
		42192609249B31AF00991E3E /* Sources */ = {
			isa = PBXSourcesBuildPhase;
			buildActionMask = 2147483647;
			files = (
				42192614249B31AF00991E3E /* ViewController.swift in Sources */,
				42192610249B31AF00991E3E /* AppDelegate.swift in Sources */,
			);
			runOnlyForDeploymentPostprocessing = 0;
		};
		4295D27221E957F800EF0E0A /* Sources */ = {
			isa = PBXSourcesBuildPhase;
			buildActionMask = 2147483647;
			files = (
				4295D27F21E957F800EF0E0A /* MessagesViewController.swift in Sources */,
			);
			runOnlyForDeploymentPostprocessing = 0;
		};
/* End PBXSourcesBuildPhase section */

/* Begin PBXTargetDependency section */
		42192623249B440100991E3E /* PBXTargetDependency */ = {
			isa = PBXTargetDependency;
			target = 4295D27521E957F800EF0E0A /* webFromIM MessagesExtension */;
			targetProxy = 42192622249B440100991E3E /* PBXContainerItemProxy */;
		};
/* End PBXTargetDependency section */

/* Begin PBXVariantGroup section */
		42192615249B31AF00991E3E /* Main.storyboard */ = {
			isa = PBXVariantGroup;
			children = (
				42192616249B31AF00991E3E /* Base */,
			);
			name = Main.storyboard;
			sourceTree = "<group>";
		};
		4219261A249B31B300991E3E /* LaunchScreen.storyboard */ = {
			isa = PBXVariantGroup;
			children = (
				4219261B249B31B300991E3E /* Base */,
			);
			name = LaunchScreen.storyboard;
			sourceTree = "<group>";
		};
		4295D28021E957F800EF0E0A /* MainInterface.storyboard */ = {
			isa = PBXVariantGroup;
			children = (
				4295D28121E957F800EF0E0A /* Base */,
			);
			name = MainInterface.storyboard;
			sourceTree = "<group>";
		};
/* End PBXVariantGroup section */

/* Begin XCBuildConfiguration section */
		4219261E249B31B300991E3E /* Debug */ = {
			isa = XCBuildConfiguration;
			buildSettings = {
				ASSETCATALOG_COMPILER_APPICON_NAME = AppIcon;
				CODE_SIGN_STYLE = Automatic;
				DEVELOPMENT_TEAM = 534LVXBU55;
				INFOPLIST_FILE = webFromIMapp/Info.plist;
				IPHONEOS_DEPLOYMENT_TARGET = 12.1;
				LD_RUNPATH_SEARCH_PATHS = (
					"$(inherited)",
					"@executable_path/Frameworks",
				);
				PRODUCT_BUNDLE_IDENTIFIER = test.touchgram.webFromIM;
				PRODUCT_NAME = webFromIM;
				SWIFT_VERSION = 5.0;
				TARGETED_DEVICE_FAMILY = "1,2";
			};
			name = Debug;
		};
		4219261F249B31B300991E3E /* Release */ = {
			isa = XCBuildConfiguration;
			buildSettings = {
				ASSETCATALOG_COMPILER_APPICON_NAME = AppIcon;
				CODE_SIGN_STYLE = Automatic;
				DEVELOPMENT_TEAM = 534LVXBU55;
				INFOPLIST_FILE = webFromIMapp/Info.plist;
				IPHONEOS_DEPLOYMENT_TARGET = 12.1;
				LD_RUNPATH_SEARCH_PATHS = (
					"$(inherited)",
					"@executable_path/Frameworks",
				);
				PRODUCT_BUNDLE_IDENTIFIER = test.touchgram.webFromIM;
				PRODUCT_NAME = webFromIM;
				SWIFT_VERSION = 5.0;
				TARGETED_DEVICE_FAMILY = "1,2";
			};
			name = Release;
		};
		4295D28621E957F800EF0E0A /* Debug */ = {
			isa = XCBuildConfiguration;
			buildSettings = {
				ALWAYS_SEARCH_USER_PATHS = NO;
				CLANG_ANALYZER_NONNULL = YES;
				CLANG_ANALYZER_NUMBER_OBJECT_CONVERSION = YES_AGGRESSIVE;
				CLANG_CXX_LANGUAGE_STANDARD = "gnu++14";
				CLANG_CXX_LIBRARY = "libc++";
				CLANG_ENABLE_MODULES = YES;
				CLANG_ENABLE_OBJC_ARC = YES;
				CLANG_ENABLE_OBJC_WEAK = YES;
				CLANG_WARN_BLOCK_CAPTURE_AUTORELEASING = YES;
				CLANG_WARN_BOOL_CONVERSION = YES;
				CLANG_WARN_COMMA = YES;
				CLANG_WARN_CONSTANT_CONVERSION = YES;
				CLANG_WARN_DEPRECATED_OBJC_IMPLEMENTATIONS = YES;
				CLANG_WARN_DIRECT_OBJC_ISA_USAGE = YES_ERROR;
				CLANG_WARN_DOCUMENTATION_COMMENTS = YES;
				CLANG_WARN_EMPTY_BODY = YES;
				CLANG_WARN_ENUM_CONVERSION = YES;
				CLANG_WARN_INFINITE_RECURSION = YES;
				CLANG_WARN_INT_CONVERSION = YES;
				CLANG_WARN_NON_LITERAL_NULL_CONVERSION = YES;
				CLANG_WARN_OBJC_IMPLICIT_RETAIN_SELF = YES;
				CLANG_WARN_OBJC_LITERAL_CONVERSION = YES;
				CLANG_WARN_OBJC_ROOT_CLASS = YES_ERROR;
				CLANG_WARN_RANGE_LOOP_ANALYSIS = YES;
				CLANG_WARN_STRICT_PROTOTYPES = YES;
				CLANG_WARN_SUSPICIOUS_MOVE = YES;
				CLANG_WARN_UNGUARDED_AVAILABILITY = YES_AGGRESSIVE;
				CLANG_WARN_UNREACHABLE_CODE = YES;
				CLANG_WARN__DUPLICATE_METHOD_MATCH = YES;
				CODE_SIGN_IDENTITY = "iPhone Developer";
				COPY_PHASE_STRIP = NO;
				DEBUG_INFORMATION_FORMAT = dwarf;
				ENABLE_STRICT_OBJC_MSGSEND = YES;
				ENABLE_TESTABILITY = YES;
				GCC_C_LANGUAGE_STANDARD = gnu11;
				GCC_DYNAMIC_NO_PIC = NO;
				GCC_NO_COMMON_BLOCKS = YES;
				GCC_OPTIMIZATION_LEVEL = 0;
				GCC_PREPROCESSOR_DEFINITIONS = (
					"DEBUG=1",
					"$(inherited)",
				);
				GCC_WARN_64_TO_32_BIT_CONVERSION = YES;
				GCC_WARN_ABOUT_RETURN_TYPE = YES_ERROR;
				GCC_WARN_UNDECLARED_SELECTOR = YES;
				GCC_WARN_UNINITIALIZED_AUTOS = YES_AGGRESSIVE;
				GCC_WARN_UNUSED_FUNCTION = YES;
				GCC_WARN_UNUSED_VARIABLE = YES;
				IPHONEOS_DEPLOYMENT_TARGET = 12.1;
				MTL_ENABLE_DEBUG_INFO = INCLUDE_SOURCE;
				MTL_FAST_MATH = YES;
				ONLY_ACTIVE_ARCH = YES;
				SDKROOT = iphoneos;
				SWIFT_ACTIVE_COMPILATION_CONDITIONS = DEBUG;
				SWIFT_OPTIMIZATION_LEVEL = "-Onone";
			};
			name = Debug;
		};
		4295D28721E957F800EF0E0A /* Release */ = {
			isa = XCBuildConfiguration;
			buildSettings = {
				ALWAYS_SEARCH_USER_PATHS = NO;
				CLANG_ANALYZER_NONNULL = YES;
				CLANG_ANALYZER_NUMBER_OBJECT_CONVERSION = YES_AGGRESSIVE;
				CLANG_CXX_LANGUAGE_STANDARD = "gnu++14";
				CLANG_CXX_LIBRARY = "libc++";
				CLANG_ENABLE_MODULES = YES;
				CLANG_ENABLE_OBJC_ARC = YES;
				CLANG_ENABLE_OBJC_WEAK = YES;
				CLANG_WARN_BLOCK_CAPTURE_AUTORELEASING = YES;
				CLANG_WARN_BOOL_CONVERSION = YES;
				CLANG_WARN_COMMA = YES;
				CLANG_WARN_CONSTANT_CONVERSION = YES;
				CLANG_WARN_DEPRECATED_OBJC_IMPLEMENTATIONS = YES;
				CLANG_WARN_DIRECT_OBJC_ISA_USAGE = YES_ERROR;
				CLANG_WARN_DOCUMENTATION_COMMENTS = YES;
				CLANG_WARN_EMPTY_BODY = YES;
				CLANG_WARN_ENUM_CONVERSION = YES;
				CLANG_WARN_INFINITE_RECURSION = YES;
				CLANG_WARN_INT_CONVERSION = YES;
				CLANG_WARN_NON_LITERAL_NULL_CONVERSION = YES;
				CLANG_WARN_OBJC_IMPLICIT_RETAIN_SELF = YES;
				CLANG_WARN_OBJC_LITERAL_CONVERSION = YES;
				CLANG_WARN_OBJC_ROOT_CLASS = YES_ERROR;
				CLANG_WARN_RANGE_LOOP_ANALYSIS = YES;
				CLANG_WARN_STRICT_PROTOTYPES = YES;
				CLANG_WARN_SUSPICIOUS_MOVE = YES;
				CLANG_WARN_UNGUARDED_AVAILABILITY = YES_AGGRESSIVE;
				CLANG_WARN_UNREACHABLE_CODE = YES;
				CLANG_WARN__DUPLICATE_METHOD_MATCH = YES;
				CODE_SIGN_IDENTITY = "iPhone Developer";
				COPY_PHASE_STRIP = NO;
				DEBUG_INFORMATION_FORMAT = "dwarf-with-dsym";
				ENABLE_NS_ASSERTIONS = NO;
				ENABLE_STRICT_OBJC_MSGSEND = YES;
				GCC_C_LANGUAGE_STANDARD = gnu11;
				GCC_NO_COMMON_BLOCKS = YES;
				GCC_WARN_64_TO_32_BIT_CONVERSION = YES;
				GCC_WARN_ABOUT_RETURN_TYPE = YES_ERROR;
				GCC_WARN_UNDECLARED_SELECTOR = YES;
				GCC_WARN_UNINITIALIZED_AUTOS = YES_AGGRESSIVE;
				GCC_WARN_UNUSED_FUNCTION = YES;
				GCC_WARN_UNUSED_VARIABLE = YES;
				IPHONEOS_DEPLOYMENT_TARGET = 12.1;
				MTL_ENABLE_DEBUG_INFO = NO;
				MTL_FAST_MATH = YES;
				SDKROOT = iphoneos;
				SWIFT_COMPILATION_MODE = wholemodule;
				SWIFT_OPTIMIZATION_LEVEL = "-O";
				VALIDATE_PRODUCT = YES;
			};
			name = Release;
		};
		4295D28921E957F800EF0E0A /* Debug */ = {
			isa = XCBuildConfiguration;
			buildSettings = {
				ASSETCATALOG_COMPILER_APPICON_NAME = "iMessage App Icon";
				CODE_SIGN_STYLE = Automatic;
				DEVELOPMENT_TEAM = 534LVXBU55;
				INFOPLIST_FILE = "webFromIM MessagesExtension/Info.plist";
				LD_RUNPATH_SEARCH_PATHS = (
					"$(inherited)",
					"@executable_path/Frameworks",
					"@executable_path/../../Frameworks",
				);
				PRODUCT_BUNDLE_IDENTIFIER = test.touchgram.webFromIM.MessagesExtension;
				PRODUCT_NAME = "$(TARGET_NAME)";
				SKIP_INSTALL = YES;
				SWIFT_VERSION = 4.2;
				TARGETED_DEVICE_FAMILY = "1,2";
			};
			name = Debug;
		};
		4295D28A21E957F800EF0E0A /* Release */ = {
			isa = XCBuildConfiguration;
			buildSettings = {
				ASSETCATALOG_COMPILER_APPICON_NAME = "iMessage App Icon";
				CODE_SIGN_STYLE = Automatic;
				DEVELOPMENT_TEAM = 534LVXBU55;
				INFOPLIST_FILE = "webFromIM MessagesExtension/Info.plist";
				LD_RUNPATH_SEARCH_PATHS = (
					"$(inherited)",
					"@executable_path/Frameworks",
					"@executable_path/../../Frameworks",
				);
				PRODUCT_BUNDLE_IDENTIFIER = test.touchgram.webFromIM.MessagesExtension;
				PRODUCT_NAME = "$(TARGET_NAME)";
				SKIP_INSTALL = YES;
				SWIFT_VERSION = 4.2;
				TARGETED_DEVICE_FAMILY = "1,2";
			};
			name = Release;
		};
/* End XCBuildConfiguration section */

/* Begin XCConfigurationList section */
		42192620249B31B300991E3E /* Build configuration list for PBXNativeTarget "webFromIM" */ = {
			isa = XCConfigurationList;
			buildConfigurations = (
				4219261E249B31B300991E3E /* Debug */,
				4219261F249B31B300991E3E /* Release */,
			);
			defaultConfigurationIsVisible = 0;
			defaultConfigurationName = Release;
		};
		4295D26921E957F500EF0E0A /* Build configuration list for PBXProject "webFromIM" */ = {
			isa = XCConfigurationList;
			buildConfigurations = (
				4295D28621E957F800EF0E0A /* Debug */,
				4295D28721E957F800EF0E0A /* Release */,
			);
			defaultConfigurationIsVisible = 0;
			defaultConfigurationName = Release;
		};
		4295D28821E957F800EF0E0A /* Build configuration list for PBXNativeTarget "webFromIM MessagesExtension" */ = {
			isa = XCConfigurationList;
			buildConfigurations = (
				4295D28921E957F800EF0E0A /* Debug */,
				4295D28A21E957F800EF0E0A /* Release */,
			);
			defaultConfigurationIsVisible = 0;
			defaultConfigurationName = Release;
		};
/* End XCConfigurationList section */
	};
	rootObject = 4295D26621E957F500EF0E0A /* Project object */;
}
