// !$*UTF8*$!
{
	archiveVersion = 1;
	classes = {
	};
	objectVersion = 50;
	objects = {

/* Begin PBXBuildFile section */
		4201A9D021F0763B0043E369 /* AppDelegate.swift in Sources */ = {isa = PBXBuildFile; fileRef = 4201A9CF21F0763B0043E369 /* AppDelegate.swift */; };
		4201A9D221F0763B0043E369 /* ViewController.swift in Sources */ = {isa = PBXBuildFile; fileRef = 4201A9D121F0763B0043E369 /* ViewController.swift */; };
		4201A9D521F0763B0043E369 /* Main.storyboard in Resources */ = {isa = PBXBuildFile; fileRef = 4201A9D321F0763B0043E369 /* Main.storyboard */; };
		4201A9D721F0763C0043E369 /* Assets.xcassets in Resources */ = {isa = PBXBuildFile; fileRef = 4201A9D621F0763C0043E369 /* Assets.xcassets */; };
		4201A9DA21F0763C0043E369 /* LaunchScreen.storyboard in Resources */ = {isa = PBXBuildFile; fileRef = 4201A9D821F0763C0043E369 /* LaunchScreen.storyboard */; };
		42199E9021F1CA5600D4377E /* Messages.framework in Frameworks */ = {isa = PBXBuildFile; fileRef = 42199E8F21F1CA5600D4377E /* Messages.framework */; };
		42199E9321F1CA5600D4377E /* MessagesViewController.swift in Sources */ = {isa = PBXBuildFile; fileRef = 42199E9221F1CA5600D4377E /* MessagesViewController.swift */; };
		42199E9621F1CA5600D4377E /* MainInterface.storyboard in Resources */ = {isa = PBXBuildFile; fileRef = 42199E9421F1CA5600D4377E /* MainInterface.storyboard */; };
		42199E9821F1CA5700D4377E /* Assets.xcassets in Resources */ = {isa = PBXBuildFile; fileRef = 42199E9721F1CA5700D4377E /* Assets.xcassets */; };
		42199E9C21F1CA5700D4377E /* imUrlDataApp IM.appex in Embed App Extensions */ = {isa = PBXBuildFile; fileRef = 42199E8D21F1CA5600D4377E /* imUrlDataApp IM.appex */; settings = {ATTRIBUTES = (RemoveHeadersOnCopy, ); }; };
/* End PBXBuildFile section */

/* Begin PBXContainerItemProxy section */
		42199E9A21F1CA5700D4377E /* PBXContainerItemProxy */ = {
			isa = PBXContainerItemProxy;
			containerPortal = 4201A9C421F0763B0043E369 /* Project object */;
			proxyType = 1;
			remoteGlobalIDString = 42199E8C21F1CA5600D4377E;
			remoteInfo = "imUrlDataApp IM";
		};
/* End PBXContainerItemProxy section */

/* Begin PBXCopyFilesBuildPhase section */
		42199EA021F1CA5700D4377E /* Embed App Extensions */ = {
			isa = PBXCopyFilesBuildPhase;
			buildActionMask = 2147483647;
			dstPath = "";
			dstSubfolderSpec = 13;
			files = (
				42199E9C21F1CA5700D4377E /* imUrlDataApp IM.appex in Embed App Extensions */,
			);
			name = "Embed App Extensions";
			runOnlyForDeploymentPostprocessing = 0;
		};
/* End PBXCopyFilesBuildPhase section */

/* Begin PBXFileReference section */
		4201A9CC21F0763B0043E369 /* imUrlDataApp.app */ = {isa = PBXFileReference; explicitFileType = wrapper.application; includeInIndex = 0; path = imUrlDataApp.app; sourceTree = BUILT_PRODUCTS_DIR; };
		4201A9CF21F0763B0043E369 /* AppDelegate.swift */ = {isa = PBXFileReference; lastKnownFileType = sourcecode.swift; path = AppDelegate.swift; sourceTree = "<group>"; };
		4201A9D121F0763B0043E369 /* ViewController.swift */ = {isa = PBXFileReference; lastKnownFileType = sourcecode.swift; path = ViewController.swift; sourceTree = "<group>"; };
		4201A9D421F0763B0043E369 /* Base */ = {isa = PBXFileReference; lastKnownFileType = file.storyboard; name = Base; path = Base.lproj/Main.storyboard; sourceTree = "<group>"; };
		4201A9D621F0763C0043E369 /* Assets.xcassets */ = {isa = PBXFileReference; lastKnownFileType = folder.assetcatalog; path = Assets.xcassets; sourceTree = "<group>"; };
		4201A9D921F0763C0043E369 /* Base */ = {isa = PBXFileReference; lastKnownFileType = file.storyboard; name = Base; path = Base.lproj/LaunchScreen.storyboard; sourceTree = "<group>"; };
		4201A9DB21F0763C0043E369 /* Info.plist */ = {isa = PBXFileReference; lastKnownFileType = text.plist.xml; path = Info.plist; sourceTree = "<group>"; };
		42199E8D21F1CA5600D4377E /* imUrlDataApp IM.appex */ = {isa = PBXFileReference; explicitFileType = "wrapper.app-extension"; includeInIndex = 0; path = "imUrlDataApp IM.appex"; sourceTree = BUILT_PRODUCTS_DIR; };
		42199E8F21F1CA5600D4377E /* Messages.framework */ = {isa = PBXFileReference; lastKnownFileType = wrapper.framework; name = Messages.framework; path = System/Library/Frameworks/Messages.framework; sourceTree = SDKROOT; };
		42199E9221F1CA5600D4377E /* MessagesViewController.swift */ = {isa = PBXFileReference; lastKnownFileType = sourcecode.swift; path = MessagesViewController.swift; sourceTree = "<group>"; };
		42199E9521F1CA5600D4377E /* Base */ = {isa = PBXFileReference; lastKnownFileType = file.storyboard; name = Base; path = Base.lproj/MainInterface.storyboard; sourceTree = "<group>"; };
		42199E9721F1CA5700D4377E /* Assets.xcassets */ = {isa = PBXFileReference; lastKnownFileType = folder.assetcatalog; path = Assets.xcassets; sourceTree = "<group>"; };
		42199E9921F1CA5700D4377E /* Info.plist */ = {isa = PBXFileReference; lastKnownFileType = text.plist.xml; path = Info.plist; sourceTree = "<group>"; };
/* End PBXFileReference section */

/* Begin PBXFrameworksBuildPhase section */
		4201A9C921F0763B0043E369 /* Frameworks */ = {
			isa = PBXFrameworksBuildPhase;
			buildActionMask = 2147483647;
			files = (
			);
			runOnlyForDeploymentPostprocessing = 0;
		};
		42199E8A21F1CA5600D4377E /* Frameworks */ = {
			isa = PBXFrameworksBuildPhase;
			buildActionMask = 2147483647;
			files = (
				42199E9021F1CA5600D4377E /* Messages.framework in Frameworks */,
			);
			runOnlyForDeploymentPostprocessing = 0;
		};
/* End PBXFrameworksBuildPhase section */

/* Begin PBXGroup section */
		4201A9C321F0763B0043E369 = {
			isa = PBXGroup;
			children = (
				4201A9CE21F0763B0043E369 /* imUrlDataApp */,
				42199E9121F1CA5600D4377E /* imUrlDataApp IM */,
				42199E8E21F1CA5600D4377E /* Frameworks */,
				4201A9CD21F0763B0043E369 /* Products */,
			);
			sourceTree = "<group>";
		};
		4201A9CD21F0763B0043E369 /* Products */ = {
			isa = PBXGroup;
			children = (
				4201A9CC21F0763B0043E369 /* imUrlDataApp.app */,
				42199E8D21F1CA5600D4377E /* imUrlDataApp IM.appex */,
			);
			name = Products;
			sourceTree = "<group>";
		};
		4201A9CE21F0763B0043E369 /* imUrlDataApp */ = {
			isa = PBXGroup;
			children = (
				4201A9CF21F0763B0043E369 /* AppDelegate.swift */,
				4201A9D121F0763B0043E369 /* ViewController.swift */,
				4201A9D321F0763B0043E369 /* Main.storyboard */,
				4201A9D621F0763C0043E369 /* Assets.xcassets */,
				4201A9D821F0763C0043E369 /* LaunchScreen.storyboard */,
				4201A9DB21F0763C0043E369 /* Info.plist */,
			);
			path = imUrlDataApp;
			sourceTree = "<group>";
		};
		42199E8E21F1CA5600D4377E /* Frameworks */ = {
			isa = PBXGroup;
			children = (
				42199E8F21F1CA5600D4377E /* Messages.framework */,
			);
			name = Frameworks;
			sourceTree = "<group>";
		};
		42199E9121F1CA5600D4377E /* imUrlDataApp IM */ = {
			isa = PBXGroup;
			children = (
				42199E9221F1CA5600D4377E /* MessagesViewController.swift */,
				42199E9421F1CA5600D4377E /* MainInterface.storyboard */,
				42199E9721F1CA5700D4377E /* Assets.xcassets */,
				42199E9921F1CA5700D4377E /* Info.plist */,
			);
			path = "imUrlDataApp IM";
			sourceTree = "<group>";
		};
/* End PBXGroup section */

/* Begin PBXNativeTarget section */
		4201A9CB21F0763B0043E369 /* imUrlDataApp */ = {
			isa = PBXNativeTarget;
			buildConfigurationList = 4201A9DE21F0763C0043E369 /* Build configuration list for PBXNativeTarget "imUrlDataApp" */;
			buildPhases = (
				4201A9C821F0763B0043E369 /* Sources */,
				4201A9C921F0763B0043E369 /* Frameworks */,
				4201A9CA21F0763B0043E369 /* Resources */,
				42199EA021F1CA5700D4377E /* Embed App Extensions */,
			);
			buildRules = (
			);
			dependencies = (
				42199E9B21F1CA5700D4377E /* PBXTargetDependency */,
			);
			name = imUrlDataApp;
			productName = imUrlDataApp;
			productReference = 4201A9CC21F0763B0043E369 /* imUrlDataApp.app */;
			productType = "com.apple.product-type.application";
		};
		42199E8C21F1CA5600D4377E /* imUrlDataApp IM */ = {
			isa = PBXNativeTarget;
			buildConfigurationList = 42199E9F21F1CA5700D4377E /* Build configuration list for PBXNativeTarget "imUrlDataApp IM" */;
			buildPhases = (
				42199E8921F1CA5600D4377E /* Sources */,
				42199E8A21F1CA5600D4377E /* Frameworks */,
				42199E8B21F1CA5600D4377E /* Resources */,
			);
			buildRules = (
			);
			dependencies = (
			);
			name = "imUrlDataApp IM";
			productName = "imUrlDataApp IM";
			productReference = 42199E8D21F1CA5600D4377E /* imUrlDataApp IM.appex */;
			productType = "com.apple.product-type.app-extension.messages";
		};
/* End PBXNativeTarget section */

/* Begin PBXProject section */
		4201A9C421F0763B0043E369 /* Project object */ = {
			isa = PBXProject;
			attributes = {
				LastSwiftUpdateCheck = 1010;
				LastUpgradeCheck = 1010;
				ORGANIZATIONNAME = "Touchgram Pty Ltd";
				TargetAttributes = {
					4201A9CB21F0763B0043E369 = {
						CreatedOnToolsVersion = 10.1;
					};
					42199E8C21F1CA5600D4377E = {
						CreatedOnToolsVersion = 10.1;
					};
				};
			};
			buildConfigurationList = 4201A9C721F0763B0043E369 /* Build configuration list for PBXProject "imUrlDataApp" */;
			compatibilityVersion = "Xcode 9.3";
			developmentRegion = en;
			hasScannedForEncodings = 0;
			knownRegions = (
				en,
				Base,
			);
			mainGroup = 4201A9C321F0763B0043E369;
			productRefGroup = 4201A9CD21F0763B0043E369 /* Products */;
			projectDirPath = "";
			projectRoot = "";
			targets = (
				4201A9CB21F0763B0043E369 /* imUrlDataApp */,
				42199E8C21F1CA5600D4377E /* imUrlDataApp IM */,
			);
		};
/* End PBXProject section */

/* Begin PBXResourcesBuildPhase section */
		4201A9CA21F0763B0043E369 /* Resources */ = {
			isa = PBXResourcesBuildPhase;
			buildActionMask = 2147483647;
			files = (
				4201A9DA21F0763C0043E369 /* LaunchScreen.storyboard in Resources */,
				4201A9D721F0763C0043E369 /* Assets.xcassets in Resources */,
				4201A9D521F0763B0043E369 /* Main.storyboard in Resources */,
			);
			runOnlyForDeploymentPostprocessing = 0;
		};
		42199E8B21F1CA5600D4377E /* Resources */ = {
			isa = PBXResourcesBuildPhase;
			buildActionMask = 2147483647;
			files = (
				42199E9821F1CA5700D4377E /* Assets.xcassets in Resources */,
				42199E9621F1CA5600D4377E /* MainInterface.storyboard in Resources */,
			);
			runOnlyForDeploymentPostprocessing = 0;
		};
/* End PBXResourcesBuildPhase section */

/* Begin PBXSourcesBuildPhase section */
		4201A9C821F0763B0043E369 /* Sources */ = {
			isa = PBXSourcesBuildPhase;
			buildActionMask = 2147483647;
			files = (
				4201A9D221F0763B0043E369 /* ViewController.swift in Sources */,
				4201A9D021F0763B0043E369 /* AppDelegate.swift in Sources */,
			);
			runOnlyForDeploymentPostprocessing = 0;
		};
		42199E8921F1CA5600D4377E /* Sources */ = {
			isa = PBXSourcesBuildPhase;
			buildActionMask = 2147483647;
			files = (
				42199E9321F1CA5600D4377E /* MessagesViewController.swift in Sources */,
			);
			runOnlyForDeploymentPostprocessing = 0;
		};
/* End PBXSourcesBuildPhase section */

/* Begin PBXTargetDependency section */
		42199E9B21F1CA5700D4377E /* PBXTargetDependency */ = {
			isa = PBXTargetDependency;
			target = 42199E8C21F1CA5600D4377E /* imUrlDataApp IM */;
			targetProxy = 42199E9A21F1CA5700D4377E /* PBXContainerItemProxy */;
		};
/* End PBXTargetDependency section */

/* Begin PBXVariantGroup section */
		4201A9D321F0763B0043E369 /* Main.storyboard */ = {
			isa = PBXVariantGroup;
			children = (
				4201A9D421F0763B0043E369 /* Base */,
			);
			name = Main.storyboard;
			sourceTree = "<group>";
		};
		4201A9D821F0763C0043E369 /* LaunchScreen.storyboard */ = {
			isa = PBXVariantGroup;
			children = (
				4201A9D921F0763C0043E369 /* Base */,
			);
			name = LaunchScreen.storyboard;
			sourceTree = "<group>";
		};
		42199E9421F1CA5600D4377E /* MainInterface.storyboard */ = {
			isa = PBXVariantGroup;
			children = (
				42199E9521F1CA5600D4377E /* Base */,
			);
			name = MainInterface.storyboard;
			sourceTree = "<group>";
		};
/* End PBXVariantGroup section */

/* Begin XCBuildConfiguration section */
		4201A9DC21F0763C0043E369 /* Debug */ = {
			isa = XCBuildConfiguration;
			buildSettings = {
				ALWAYS_SEARCH_USER_PATHS = NO;
				CLANG_ANALYZER_NONNULL = YES;
				CLANG_ANALYZER_NUMBER_OBJECT_CONVERSION = YES_AGGRESSIVE;
				CLANG_CXX_LANGUAGE_STANDARD = "gnu++14";
				CLANG_CXX_LIBRARY = "libc++";
				CLANG_ENABLE_MODULES = YES;
				CLANG_ENABLE_OBJC_ARC = YES;
				CLANG_ENABLE_OBJC_WEAK = YES;
				CLANG_WARN_BLOCK_CAPTURE_AUTORELEASING = YES;
				CLANG_WARN_BOOL_CONVERSION = YES;
				CLANG_WARN_COMMA = YES;
				CLANG_WARN_CONSTANT_CONVERSION = YES;
				CLANG_WARN_DEPRECATED_OBJC_IMPLEMENTATIONS = YES;
				CLANG_WARN_DIRECT_OBJC_ISA_USAGE = YES_ERROR;
				CLANG_WARN_DOCUMENTATION_COMMENTS = YES;
				CLANG_WARN_EMPTY_BODY = YES;
				CLANG_WARN_ENUM_CONVERSION = YES;
				CLANG_WARN_INFINITE_RECURSION = YES;
				CLANG_WARN_INT_CONVERSION = YES;
				CLANG_WARN_NON_LITERAL_NULL_CONVERSION = YES;
				CLANG_WARN_OBJC_IMPLICIT_RETAIN_SELF = YES;
				CLANG_WARN_OBJC_LITERAL_CONVERSION = YES;
				CLANG_WARN_OBJC_ROOT_CLASS = YES_ERROR;
				CLANG_WARN_RANGE_LOOP_ANALYSIS = YES;
				CLANG_WARN_STRICT_PROTOTYPES = YES;
				CLANG_WARN_SUSPICIOUS_MOVE = YES;
				CLANG_WARN_UNGUARDED_AVAILABILITY = YES_AGGRESSIVE;
				CLANG_WARN_UNREACHABLE_CODE = YES;
				CLANG_WARN__DUPLICATE_METHOD_MATCH = YES;
				CODE_SIGN_IDENTITY = "iPhone Developer";
				COPY_PHASE_STRIP = NO;
				DEBUG_INFORMATION_FORMAT = dwarf;
				ENABLE_STRICT_OBJC_MSGSEND = YES;
				ENABLE_TESTABILITY = YES;
				GCC_C_LANGUAGE_STANDARD = gnu11;
				GCC_DYNAMIC_NO_PIC = NO;
				GCC_NO_COMMON_BLOCKS = YES;
				GCC_OPTIMIZATION_LEVEL = 0;
				GCC_PREPROCESSOR_DEFINITIONS = (
					"DEBUG=1",
					"$(inherited)",
				);
				GCC_WARN_64_TO_32_BIT_CONVERSION = YES;
				GCC_WARN_ABOUT_RETURN_TYPE = YES_ERROR;
				GCC_WARN_UNDECLARED_SELECTOR = YES;
				GCC_WARN_UNINITIALIZED_AUTOS = YES_AGGRESSIVE;
				GCC_WARN_UNUSED_FUNCTION = YES;
				GCC_WARN_UNUSED_VARIABLE = YES;
				IPHONEOS_DEPLOYMENT_TARGET = 12.1;
				MTL_ENABLE_DEBUG_INFO = INCLUDE_SOURCE;
				MTL_FAST_MATH = YES;
				ONLY_ACTIVE_ARCH = YES;
				SDKROOT = iphoneos;
				SWIFT_ACTIVE_COMPILATION_CONDITIONS = DEBUG;
				SWIFT_OPTIMIZATION_LEVEL = "-Onone";
			};
			name = Debug;
		};
		4201A9DD21F0763C0043E369 /* Release */ = {
			isa = XCBuildConfiguration;
			buildSettings = {
				ALWAYS_SEARCH_USER_PATHS = NO;
				CLANG_ANALYZER_NONNULL = YES;
				CLANG_ANALYZER_NUMBER_OBJECT_CONVERSION = YES_AGGRESSIVE;
				CLANG_CXX_LANGUAGE_STANDARD = "gnu++14";
				CLANG_CXX_LIBRARY = "libc++";
				CLANG_ENABLE_MODULES = YES;
				CLANG_ENABLE_OBJC_ARC = YES;
				CLANG_ENABLE_OBJC_WEAK = YES;
				CLANG_WARN_BLOCK_CAPTURE_AUTORELEASING = YES;
				CLANG_WARN_BOOL_CONVERSION = YES;
				CLANG_WARN_COMMA = YES;
				CLANG_WARN_CONSTANT_CONVERSION = YES;
				CLANG_WARN_DEPRECATED_OBJC_IMPLEMENTATIONS = YES;
				CLANG_WARN_DIRECT_OBJC_ISA_USAGE = YES_ERROR;
				CLANG_WARN_DOCUMENTATION_COMMENTS = YES;
				CLANG_WARN_EMPTY_BODY = YES;
				CLANG_WARN_ENUM_CONVERSION = YES;
				CLANG_WARN_INFINITE_RECURSION = YES;
				CLANG_WARN_INT_CONVERSION = YES;
				CLANG_WARN_NON_LITERAL_NULL_CONVERSION = YES;
				CLANG_WARN_OBJC_IMPLICIT_RETAIN_SELF = YES;
				CLANG_WARN_OBJC_LITERAL_CONVERSION = YES;
				CLANG_WARN_OBJC_ROOT_CLASS = YES_ERROR;
				CLANG_WARN_RANGE_LOOP_ANALYSIS = YES;
				CLANG_WARN_STRICT_PROTOTYPES = YES;
				CLANG_WARN_SUSPICIOUS_MOVE = YES;
				CLANG_WARN_UNGUARDED_AVAILABILITY = YES_AGGRESSIVE;
				CLANG_WARN_UNREACHABLE_CODE = YES;
				CLANG_WARN__DUPLICATE_METHOD_MATCH = YES;
				CODE_SIGN_IDENTITY = "iPhone Developer";
				COPY_PHASE_STRIP = NO;
				DEBUG_INFORMATION_FORMAT = "dwarf-with-dsym";
				ENABLE_NS_ASSERTIONS = NO;
				ENABLE_STRICT_OBJC_MSGSEND = YES;
				GCC_C_LANGUAGE_STANDARD = gnu11;
				GCC_NO_COMMON_BLOCKS = YES;
				GCC_WARN_64_TO_32_BIT_CONVERSION = YES;
				GCC_WARN_ABOUT_RETURN_TYPE = YES_ERROR;
				GCC_WARN_UNDECLARED_SELECTOR = YES;
				GCC_WARN_UNINITIALIZED_AUTOS = YES_AGGRESSIVE;
				GCC_WARN_UNUSED_FUNCTION = YES;
				GCC_WARN_UNUSED_VARIABLE = YES;
				IPHONEOS_DEPLOYMENT_TARGET = 12.1;
				MTL_ENABLE_DEBUG_INFO = NO;
				MTL_FAST_MATH = YES;
				SDKROOT = iphoneos;
				SWIFT_COMPILATION_MODE = wholemodule;
				SWIFT_OPTIMIZATION_LEVEL = "-O";
				VALIDATE_PRODUCT = YES;
			};
			name = Release;
		};
		4201A9DF21F0763C0043E369 /* Debug */ = {
			isa = XCBuildConfiguration;
			buildSettings = {
				ALWAYS_EMBED_SWIFT_STANDARD_LIBRARIES = YES;
				ASSETCATALOG_COMPILER_APPICON_NAME = AppIcon;
				CODE_SIGN_STYLE = Automatic;
				DEVELOPMENT_TEAM = 534LVXBU55;
				INFOPLIST_FILE = imUrlDataApp/Info.plist;
				LD_RUNPATH_SEARCH_PATHS = (
					"$(inherited)",
					"@executable_path/Frameworks",
				);
				PRODUCT_BUNDLE_IDENTIFIER = test.touchgram.imUrlDataApp;
				PRODUCT_NAME = "$(TARGET_NAME)";
				SWIFT_VERSION = 4.2;
				TARGETED_DEVICE_FAMILY = "1,2";
			};
			name = Debug;
		};
		4201A9E021F0763C0043E369 /* Release */ = {
			isa = XCBuildConfiguration;
			buildSettings = {
				ALWAYS_EMBED_SWIFT_STANDARD_LIBRARIES = YES;
				ASSETCATALOG_COMPILER_APPICON_NAME = AppIcon;
				CODE_SIGN_STYLE = Automatic;
				DEVELOPMENT_TEAM = 534LVXBU55;
				INFOPLIST_FILE = imUrlDataApp/Info.plist;
				LD_RUNPATH_SEARCH_PATHS = (
					"$(inherited)",
					"@executable_path/Frameworks",
				);
				PRODUCT_BUNDLE_IDENTIFIER = test.touchgram.imUrlDataApp;
				PRODUCT_NAME = "$(TARGET_NAME)";
				SWIFT_VERSION = 4.2;
				TARGETED_DEVICE_FAMILY = "1,2";
			};
			name = Release;
		};
		42199E9D21F1CA5700D4377E /* Debug */ = {
			isa = XCBuildConfiguration;
			buildSettings = {
				ASSETCATALOG_COMPILER_APPICON_NAME = "iMessage App Icon";
				CODE_SIGN_STYLE = Automatic;
				DEVELOPMENT_TEAM = 534LVXBU55;
				INFOPLIST_FILE = "imUrlDataApp IM/Info.plist";
				LD_RUNPATH_SEARCH_PATHS = (
					"$(inherited)",
					"@executable_path/Frameworks",
					"@executable_path/../../Frameworks",
				);
				PRODUCT_BUNDLE_IDENTIFIER = "test.touchgram.imUrlDataApp.imUrlDataApp-IM";
				PRODUCT_NAME = "$(TARGET_NAME)";
				SKIP_INSTALL = YES;
				SWIFT_VERSION = 4.2;
				TARGETED_DEVICE_FAMILY = "1,2";
			};
			name = Debug;
		};
		42199E9E21F1CA5700D4377E /* Release */ = {
			isa = XCBuildConfiguration;
			buildSettings = {
				ASSETCATALOG_COMPILER_APPICON_NAME = "iMessage App Icon";
				CODE_SIGN_STYLE = Automatic;
				DEVELOPMENT_TEAM = 534LVXBU55;
				INFOPLIST_FILE = "imUrlDataApp IM/Info.plist";
				LD_RUNPATH_SEARCH_PATHS = (
					"$(inherited)",
					"@executable_path/Frameworks",
					"@executable_path/../../Frameworks",
				);
				PRODUCT_BUNDLE_IDENTIFIER = "test.touchgram.imUrlDataApp.imUrlDataApp-IM";
				PRODUCT_NAME = "$(TARGET_NAME)";
				SKIP_INSTALL = YES;
				SWIFT_VERSION = 4.2;
				TARGETED_DEVICE_FAMILY = "1,2";
			};
			name = Release;
		};
/* End XCBuildConfiguration section */

/* Begin XCConfigurationList section */
		4201A9C721F0763B0043E369 /* Build configuration list for PBXProject "imUrlDataApp" */ = {
			isa = XCConfigurationList;
			buildConfigurations = (
				4201A9DC21F0763C0043E369 /* Debug */,
				4201A9DD21F0763C0043E369 /* Release */,
			);
			defaultConfigurationIsVisible = 0;
			defaultConfigurationName = Release;
		};
		4201A9DE21F0763C0043E369 /* Build configuration list for PBXNativeTarget "imUrlDataApp" */ = {
			isa = XCConfigurationList;
			buildConfigurations = (
				4201A9DF21F0763C0043E369 /* Debug */,
				4201A9E021F0763C0043E369 /* Release */,
			);
			defaultConfigurationIsVisible = 0;
			defaultConfigurationName = Release;
		};
		42199E9F21F1CA5700D4377E /* Build configuration list for PBXNativeTarget "imUrlDataApp IM" */ = {
			isa = XCConfigurationList;
			buildConfigurations = (
				42199E9D21F1CA5700D4377E /* Debug */,
				42199E9E21F1CA5700D4377E /* Release */,
			);
			defaultConfigurationIsVisible = 0;
			defaultConfigurationName = Release;
		};
/* End XCConfigurationList section */
	};
	rootObject = 4201A9C421F0763B0043E369 /* Project object */;
}
